
Microsoft Visual Studio Solution File, Format Version 12.00
# Visual Studio Version 17
VisualStudioVersion = 17.3.32922.545
MinimumVisualStudioVersion = 10.0.40219.1
Project("{FAE04EC0-301F-11D3-BF4B-00C04F79EFBC}") = "Lab2_60", "Lab2_60\Lab2_60.csproj", "{E1A76472-0F48-4AA9-A3EE-87F5104EC9BA}"
EndProject
Global
	GlobalSection(SolutionConfigurationPlatforms) = preSolution
		Debug|Any CPU = Debug|Any CPU
		Release|Any CPU = Release|Any CPU
	EndGlobalSection
	GlobalSection(ProjectConfigurationPlatforms) = postSolution
		{E1A76472-0F48-4AA9-A3EE-87F5104EC9BA}.Debug|Any CPU.ActiveCfg = Debug|Any CPU
		{E1A76472-0F48-4AA9-A3EE-87F5104EC9BA}.Debug|Any CPU.Build.0 = Debug|Any CPU
		{E1A76472-0F48-4AA9-A3EE-87F5104EC9BA}.Release|Any CPU.ActiveCfg = Release|Any CPU
		{E1A76472-0F48-4AA9-A3EE-87F5104EC9BA}.Release|Any CPU.Build.0 = Release|Any CPU
	EndGlobalSection
	GlobalSection(SolutionProperties) = preSolution
		HideSolutionNode = FALSE
	EndGlobalSection
	GlobalSection(ExtensibilityGlobals) = postSolution
		SolutionGuid = {3899700D-9592-42DF-A546-DEF33AA61172}
	EndGlobalSection
EndGlobal
