
Microsoft Visual Studio Solution File, Format Version 12.00
# Visual Studio Version 17
VisualStudioVersion = 17.4.33110.190
MinimumVisualStudioVersion = 10.0.40219.1
Project("{FAE04EC0-301F-11D3-BF4B-00C04F79EFBC}") = "Lab3_30", "Lab3_30\Lab3_30.csproj", "{24050133-2FA4-430E-8760-73D5C6128800}"
EndProject
Global
	GlobalSection(SolutionConfigurationPlatforms) = preSolution
		Debug|Any CPU = Debug|Any CPU
		Release|Any CPU = Release|Any CPU
	EndGlobalSection
	GlobalSection(ProjectConfigurationPlatforms) = postSolution
		{24050133-2FA4-430E-8760-73D5C6128800}.Debug|Any CPU.ActiveCfg = Debug|Any CPU
		{24050133-2FA4-430E-8760-73D5C6128800}.Debug|Any CPU.Build.0 = Debug|Any CPU
		{24050133-2FA4-430E-8760-73D5C6128800}.Release|Any CPU.ActiveCfg = Release|Any CPU
		{24050133-2FA4-430E-8760-73D5C6128800}.Release|Any CPU.Build.0 = Release|Any CPU
	EndGlobalSection
	GlobalSection(SolutionProperties) = preSolution
		HideSolutionNode = FALSE
	EndGlobalSection
	GlobalSection(ExtensibilityGlobals) = postSolution
		SolutionGuid = {1C92BADC-0604-42AA-BB1C-9873BC7CF946}
	EndGlobalSection
EndGlobal
